
Microsoft Visual Studio Solution File, Format Version 12.00
# Visual Studio Version 16
VisualStudioVersion = 16.0.31205.134
MinimumVisualStudioVersion = 10.0.40219.1
Project("{FAE04EC0-301F-11D3-BF4B-00C04F79EFBC}") = "Factorial_Recursion", "Factorial_Recursion\Factorial_Recursion.csproj", "{0F409056-69B1-433A-BC5D-9BBAF9F2FB3B}"
EndProject
Global
	GlobalSection(SolutionConfigurationPlatforms) = preSolution
		Debug|Any CPU = Debug|Any CPU
		Release|Any CPU = Release|Any CPU
	EndGlobalSection
	GlobalSection(ProjectConfigurationPlatforms) = postSolution
		{0F409056-69B1-433A-BC5D-9BBAF9F2FB3B}.Debug|Any CPU.ActiveCfg = Debug|Any CPU
		{0F409056-69B1-433A-BC5D-9BBAF9F2FB3B}.Debug|Any CPU.Build.0 = Debug|Any CPU
		{0F409056-69B1-433A-BC5D-9BBAF9F2FB3B}.Release|Any CPU.ActiveCfg = Release|Any CPU
		{0F409056-69B1-433A-BC5D-9BBAF9F2FB3B}.Release|Any CPU.Build.0 = Release|Any CPU
	EndGlobalSection
	GlobalSection(SolutionProperties) = preSolution
		HideSolutionNode = FALSE
	EndGlobalSection
	GlobalSection(ExtensibilityGlobals) = postSolution
		SolutionGuid = {81800121-D14F-4CA6-A0B0-0A69A71C0349}
	EndGlobalSection
EndGlobal
